
Microsoft Visual Studio Solution File, Format Version 12.00
# Visual Studio Version 17
VisualStudioVersion = 17.5.33424.131
MinimumVisualStudioVersion = 10.0.40219.1
Project("{FAE04EC0-301F-11D3-BF4B-00C04F79EFBC}") = "Program", "src\Program.csproj", "{FEA035C1-EBFC-4D35-880A-CFDDB1DD6B76}"
EndProject
Global
	GlobalSection(SolutionConfigurationPlatforms) = preSolution
		Debug|Any CPU = Debug|Any CPU
		Release|Any CPU = Release|Any CPU
	EndGlobalSection
	GlobalSection(ProjectConfigurationPlatforms) = postSolution
		{FEA035C1-EBFC-4D35-880A-CFDDB1DD6B76}.Debug|Any CPU.ActiveCfg = Debug|Any CPU
		{FEA035C1-EBFC-4D35-880A-CFDDB1DD6B76}.Debug|Any CPU.Build.0 = Debug|Any CPU
		{FEA035C1-EBFC-4D35-880A-CFDDB1DD6B76}.Release|Any CPU.ActiveCfg = Release|Any CPU
		{FEA035C1-EBFC-4D35-880A-CFDDB1DD6B76}.Release|Any CPU.Build.0 = Release|Any CPU
	EndGlobalSection
	GlobalSection(SolutionProperties) = preSolution
		HideSolutionNode = FALSE
	EndGlobalSection
	GlobalSection(ExtensibilityGlobals) = postSolution
		SolutionGuid = {8C094151-EB5F-4D25-A952-9BF70A60789D}
	EndGlobalSection
EndGlobal
